// !$*UTF8*$!
{
	archiveVersion = 1;
	classes = {
	};
	objectVersion = 46;
	objects = {

/* Begin PBXBuildFile section */
		CA41A93E1C7D596500C68491 /* main.m in Sources */ = {isa = PBXBuildFile; fileRef = CA41A93D1C7D596500C68491 /* main.m */; };
		CA41A9411C7D596500C68491 /* AppDelegate.m in Sources */ = {isa = PBXBuildFile; fileRef = CA41A9401C7D596500C68491 /* AppDelegate.m */; };
		CA41A9441C7D596500C68491 /* ViewController.m in Sources */ = {isa = PBXBuildFile; fileRef = CA41A9431C7D596500C68491 /* ViewController.m */; };
		CA41A9471C7D596500C68491 /* Main.storyboard in Resources */ = {isa = PBXBuildFile; fileRef = CA41A9451C7D596500C68491 /* Main.storyboard */; };
		CA41A9491C7D596500C68491 /* Assets.xcassets in Resources */ = {isa = PBXBuildFile; fileRef = CA41A9481C7D596500C68491 /* Assets.xcassets */; };
		CA41A94C1C7D596500C68491 /* LaunchScreen.storyboard in Resources */ = {isa = PBXBuildFile; fileRef = CA41A94A1C7D596500C68491 /* LaunchScreen.storyboard */; };
/* End PBXBuildFile section */

/* Begin PBXFileReference section */
		CA41A9391C7D596500C68491 /* sheepRecorder.app */ = {isa = PBXFileReference; explicitFileType = wrapper.application; includeInIndex = 0; path = sheepRecorder.app; sourceTree = BUILT_PRODUCTS_DIR; };
		CA41A93D1C7D596500C68491 /* main.m */ = {isa = PBXFileReference; lastKnownFileType = sourcecode.c.objc; path = main.m; sourceTree = "<group>"; };
		CA41A93F1C7D596500C68491 /* AppDelegate.h */ = {isa = PBXFileReference; lastKnownFileType = sourcecode.c.h; path = AppDelegate.h; sourceTree = "<group>"; };
		CA41A9401C7D596500C68491 /* AppDelegate.m */ = {isa = PBXFileReference; lastKnownFileType = sourcecode.c.objc; path = AppDelegate.m; sourceTree = "<group>"; };
		CA41A9421C7D596500C68491 /* ViewController.h */ = {isa = PBXFileReference; lastKnownFileType = sourcecode.c.h; path = ViewController.h; sourceTree = "<group>"; };
		CA41A9431C7D596500C68491 /* ViewController.m */ = {isa = PBXFileReference; lastKnownFileType = sourcecode.c.objc; path = ViewController.m; sourceTree = "<group>"; };
		CA41A9461C7D596500C68491 /* Base */ = {isa = PBXFileReference; lastKnownFileType = file.storyboard; name = Base; path = Base.lproj/Main.storyboard; sourceTree = "<group>"; };
		CA41A9481C7D596500C68491 /* Assets.xcassets */ = {isa = PBXFileReference; lastKnownFileType = folder.assetcatalog; path = Assets.xcassets; sourceTree = "<group>"; };
		CA41A94B1C7D596500C68491 /* Base */ = {isa = PBXFileReference; lastKnownFileType = file.storyboard; name = Base; path = Base.lproj/LaunchScreen.storyboard; sourceTree = "<group>"; };
		CA41A94D1C7D596500C68491 /* Info.plist */ = {isa = PBXFileReference; lastKnownFileType = text.plist.xml; path = Info.plist; sourceTree = "<group>"; };
/* End PBXFileReference section */

/* Begin PBXFrameworksBuildPhase section */
		CA41A9361C7D596500C68491 /* Frameworks */ = {
			isa = PBXFrameworksBuildPhase;
			buildActionMask = 2147483647;
			files = (
			);
			runOnlyForDeploymentPostprocessing = 0;
		};
/* End PBXFrameworksBuildPhase section */

/* Begin PBXGroup section */
		CA41A9301C7D596400C68491 = {
			isa = PBXGroup;
			children = (
				CA41A93B1C7D596500C68491 /* sheepRecorder */,
				CA41A93A1C7D596500C68491 /* Products */,
			);
			sourceTree = "<group>";
		};
		CA41A93A1C7D596500C68491 /* Products */ = {
			isa = PBXGroup;
			children = (
				CA41A9391C7D596500C68491 /* sheepRecorder.app */,
			);
			name = Products;
			sourceTree = "<group>";
		};
		CA41A93B1C7D596500C68491 /* sheepRecorder */ = {
			isa = PBXGroup;
			children = (
				CA41A93F1C7D596500C68491 /* AppDelegate.h */,
				CA41A9401C7D596500C68491 /* AppDelegate.m */,
				CA41A9421C7D596500C68491 /* ViewController.h */,
				CA41A9431C7D596500C68491 /* ViewController.m */,
				CA41A9451C7D596500C68491 /* Main.storyboard */,
				CA41A9481C7D596500C68491 /* Assets.xcassets */,
				CA41A94A1C7D596500C68491 /* LaunchScreen.storyboard */,
				CA41A94D1C7D596500C68491 /* Info.plist */,
				CA41A93C1C7D596500C68491 /* Supporting Files */,
			);
			path = sheepRecorder;
			sourceTree = "<group>";
		};
		CA41A93C1C7D596500C68491 /* Supporting Files */ = {
			isa = PBXGroup;
			children = (
				CA41A93D1C7D596500C68491 /* main.m */,
			);
			name = "Supporting Files";
			sourceTree = "<group>";
		};
/* End PBXGroup section */

/* Begin PBXNativeTarget section */
		CA41A9381C7D596500C68491 /* sheepRecorder */ = {
			isa = PBXNativeTarget;
			buildConfigurationList = CA41A9501C7D596500C68491 /* Build configuration list for PBXNativeTarget "sheepRecorder" */;
			buildPhases = (
				CA41A9351C7D596500C68491 /* Sources */,
				CA41A9361C7D596500C68491 /* Frameworks */,
				CA41A9371C7D596500C68491 /* Resources */,
			);
			buildRules = (
			);
			dependencies = (
			);
			name = sheepRecorder;
			productName = sheepRecorder;
			productReference = CA41A9391C7D596500C68491 /* sheepRecorder.app */;
			productType = "com.apple.product-type.application";
		};
/* End PBXNativeTarget section */

/* Begin PBXProject section */
		CA41A9311C7D596500C68491 /* Project object */ = {
			isa = PBXProject;
			attributes = {
				LastUpgradeCheck = 0720;
				ORGANIZATIONNAME = sheep;
				TargetAttributes = {
					CA41A9381C7D596500C68491 = {
						CreatedOnToolsVersion = 7.2;
						DevelopmentTeam = XXHA3L586L;
					};
				};
			};
			buildConfigurationList = CA41A9341C7D596500C68491 /* Build configuration list for PBXProject "sheepRecorder" */;
			compatibilityVersion = "Xcode 3.2";
			developmentRegion = English;
			hasScannedForEncodings = 0;
			knownRegions = (
				en,
				Base,
			);
			mainGroup = CA41A9301C7D596400C68491;
			productRefGroup = CA41A93A1C7D596500C68491 /* Products */;
			projectDirPath = "";
			projectRoot = "";
			targets = (
				CA41A9381C7D596500C68491 /* sheepRecorder */,
			);
		};
/* End PBXProject section */

/* Begin PBXResourcesBuildPhase section */
		CA41A9371C7D596500C68491 /* Resources */ = {
			isa = PBXResourcesBuildPhase;
			buildActionMask = 2147483647;
			files = (
				CA41A94C1C7D596500C68491 /* LaunchScreen.storyboard in Resources */,
				CA41A9491C7D596500C68491 /* Assets.xcassets in Resources */,
				CA41A9471C7D596500C68491 /* Main.storyboard in Resources */,
			);
			runOnlyForDeploymentPostprocessing = 0;
		};
/* End PBXResourcesBuildPhase section */

/* Begin PBXSourcesBuildPhase section */
		CA41A9351C7D596500C68491 /* Sources */ = {
			isa = PBXSourcesBuildPhase;
			buildActionMask = 2147483647;
			files = (
				CA41A9441C7D596500C68491 /* ViewController.m in Sources */,
				CA41A9411C7D596500C68491 /* AppDelegate.m in Sources */,
				CA41A93E1C7D596500C68491 /* main.m in Sources */,
			);
			runOnlyForDeploymentPostprocessing = 0;
		};
/* End PBXSourcesBuildPhase section */

/* Begin PBXVariantGroup section */
		CA41A9451C7D596500C68491 /* Main.storyboard */ = {
			isa = PBXVariantGroup;
			children = (
				CA41A9461C7D596500C68491 /* Base */,
			);
			name = Main.storyboard;
			sourceTree = "<group>";
		};
		CA41A94A1C7D596500C68491 /* LaunchScreen.storyboard */ = {
			isa = PBXVariantGroup;
			children = (
				CA41A94B1C7D596500C68491 /* Base */,
			);
			name = LaunchScreen.storyboard;
			sourceTree = "<group>";
		};
/* End PBXVariantGroup section */

/* Begin XCBuildConfiguration section */
		CA41A94E1C7D596500C68491 /* Debug */ = {
			isa = XCBuildConfiguration;
			buildSettings = {
				ALWAYS_SEARCH_USER_PATHS = NO;
				CLANG_CXX_LANGUAGE_STANDARD = "gnu++0x";
				CLANG_CXX_LIBRARY = "libc++";
				CLANG_ENABLE_MODULES = YES;
				CLANG_ENABLE_OBJC_ARC = YES;
				CLANG_WARN_BOOL_CONVERSION = YES;
				CLANG_WARN_CONSTANT_CONVERSION = YES;
				CLANG_WARN_DIRECT_OBJC_ISA_USAGE = YES_ERROR;
				CLANG_WARN_EMPTY_BODY = YES;
				CLANG_WARN_ENUM_CONVERSION = YES;
				CLANG_WARN_INT_CONVERSION = YES;
				CLANG_WARN_OBJC_ROOT_CLASS = YES_ERROR;
				CLANG_WARN_UNREACHABLE_CODE = YES;
				CLANG_WARN__DUPLICATE_METHOD_MATCH = YES;
				"CODE_SIGN_IDENTITY[sdk=iphoneos*]" = "iPhone Developer";
				COPY_PHASE_STRIP = NO;
				DEBUG_INFORMATION_FORMAT = dwarf;
				ENABLE_STRICT_OBJC_MSGSEND = YES;
				ENABLE_TESTABILITY = YES;
				GCC_C_LANGUAGE_STANDARD = gnu99;
				GCC_DYNAMIC_NO_PIC = NO;
				GCC_NO_COMMON_BLOCKS = YES;
				GCC_OPTIMIZATION_LEVEL = 0;
				GCC_PREPROCESSOR_DEFINITIONS = (
					"DEBUG=1",
					"$(inherited)",
				);
				GCC_WARN_64_TO_32_BIT_CONVERSION = YES;
				GCC_WARN_ABOUT_RETURN_TYPE = YES_ERROR;
				GCC_WARN_UNDECLARED_SELECTOR = YES;
				GCC_WARN_UNINITIALIZED_AUTOS = YES_AGGRESSIVE;
				GCC_WARN_UNUSED_FUNCTION = YES;
				GCC_WARN_UNUSED_VARIABLE = YES;
				IPHONEOS_DEPLOYMENT_TARGET = 9.2;
				MTL_ENABLE_DEBUG_INFO = YES;
				ONLY_ACTIVE_ARCH = YES;
				SDKROOT = iphoneos;
				TARGETED_DEVICE_FAMILY = "1,2";
			};
			name = Debug;
		};
		CA41A94F1C7D596500C68491 /* Release */ = {
			isa = XCBuildConfiguration;
			buildSettings = {
				ALWAYS_SEARCH_USER_PATHS = NO;
				CLANG_CXX_LANGUAGE_STANDARD = "gnu++0x";
				CLANG_CXX_LIBRARY = "libc++";
				CLANG_ENABLE_MODULES = YES;
				CLANG_ENABLE_OBJC_ARC = YES;
				CLANG_WARN_BOOL_CONVERSION = YES;
				CLANG_WARN_CONSTANT_CONVERSION = YES;
				CLANG_WARN_DIRECT_OBJC_ISA_USAGE = YES_ERROR;
				CLANG_WARN_EMPTY_BODY = YES;
				CLANG_WARN_ENUM_CONVERSION = YES;
				CLANG_WARN_INT_CONVERSION = YES;
				CLANG_WARN_OBJC_ROOT_CLASS = YES_ERROR;
				CLANG_WARN_UNREACHABLE_CODE = YES;
				CLANG_WARN__DUPLICATE_METHOD_MATCH = YES;
				"CODE_SIGN_IDENTITY[sdk=iphoneos*]" = "iPhone Developer";
				COPY_PHASE_STRIP = NO;
				DEBUG_INFORMATION_FORMAT = "dwarf-with-dsym";
				ENABLE_NS_ASSERTIONS = NO;
				ENABLE_STRICT_OBJC_MSGSEND = YES;
				GCC_C_LANGUAGE_STANDARD = gnu99;
				GCC_NO_COMMON_BLOCKS = YES;
				GCC_WARN_64_TO_32_BIT_CONVERSION = YES;
				GCC_WARN_ABOUT_RETURN_TYPE = YES_ERROR;
				GCC_WARN_UNDECLARED_SELECTOR = YES;
				GCC_WARN_UNINITIALIZED_AUTOS = YES_AGGRESSIVE;
				GCC_WARN_UNUSED_FUNCTION = YES;
				GCC_WARN_UNUSED_VARIABLE = YES;
				IPHONEOS_DEPLOYMENT_TARGET = 9.2;
				MTL_ENABLE_DEBUG_INFO = NO;
				SDKROOT = iphoneos;
				TARGETED_DEVICE_FAMILY = "1,2";
				VALIDATE_PRODUCT = YES;
			};
			name = Release;
		};
		CA41A9511C7D596500C68491 /* Debug */ = {
			isa = XCBuildConfiguration;
			buildSettings = {
				ASSETCATALOG_COMPILER_APPICON_NAME = AppIcon;
				CODE_SIGN_IDENTITY = "iPhone Developer";
				INFOPLIST_FILE = sheepRecorder/Info.plist;
				LD_RUNPATH_SEARCH_PATHS = "$(inherited) @executable_path/Frameworks";
				PRODUCT_BUNDLE_IDENTIFIER = com.sheepRecorder.www.sheepRecorder;
				PRODUCT_NAME = "$(TARGET_NAME)";
			};
			name = Debug;
		};
		CA41A9521C7D596500C68491 /* Release */ = {
			isa = XCBuildConfiguration;
			buildSettings = {
				ASSETCATALOG_COMPILER_APPICON_NAME = AppIcon;
				CODE_SIGN_IDENTITY = "iPhone Developer";
				INFOPLIST_FILE = sheepRecorder/Info.plist;
				LD_RUNPATH_SEARCH_PATHS = "$(inherited) @executable_path/Frameworks";
				PRODUCT_BUNDLE_IDENTIFIER = com.sheepRecorder.www.sheepRecorder;
				PRODUCT_NAME = "$(TARGET_NAME)";
			};
			name = Release;
		};
/* End XCBuildConfiguration section */

/* Begin XCConfigurationList section */
		CA41A9341C7D596500C68491 /* Build configuration list for PBXProject "sheepRecorder" */ = {
			isa = XCConfigurationList;
			buildConfigurations = (
				CA41A94E1C7D596500C68491 /* Debug */,
				CA41A94F1C7D596500C68491 /* Release */,
			);
			defaultConfigurationIsVisible = 0;
			defaultConfigurationName = Release;
		};
		CA41A9501C7D596500C68491 /* Build configuration list for PBXNativeTarget "sheepRecorder" */ = {
			isa = XCConfigurationList;
			buildConfigurations = (
				CA41A9511C7D596500C68491 /* Debug */,
				CA41A9521C7D596500C68491 /* Release */,
			);
			defaultConfigurationIsVisible = 0;
		};
/* End XCConfigurationList section */
	};
	rootObject = CA41A9311C7D596500C68491 /* Project object */;
}
